// !$*UTF8*$!
{
	archiveVersion = 1;
	classes = {
	};
	objectVersion = 50;
	objects = {

/* Begin PBXBuildFile section */
		CF7F0F8F25749C0C004B8662 /* AppDelegate.swift in Sources */ = {isa = PBXBuildFile; fileRef = CF7F0F8E25749C0C004B8662 /* AppDelegate.swift */; };
		CF7F0F9125749C0C004B8662 /* SceneDelegate.swift in Sources */ = {isa = PBXBuildFile; fileRef = CF7F0F9025749C0C004B8662 /* SceneDelegate.swift */; };
		CF7F0F9325749C0C004B8662 /* FirstView.swift in Sources */ = {isa = PBXBuildFile; fileRef = CF7F0F9225749C0C004B8662 /* FirstView.swift */; };
		CF7F0F9525749C14004B8662 /* Assets.xcassets in Resources */ = {isa = PBXBuildFile; fileRef = CF7F0F9425749C14004B8662 /* Assets.xcassets */; };
		CF7F0F9825749C14004B8662 /* Preview Assets.xcassets in Resources */ = {isa = PBXBuildFile; fileRef = CF7F0F9725749C14004B8662 /* Preview Assets.xcassets */; };
		CF7F0F9B25749C14004B8662 /* LaunchScreen.storyboard in Resources */ = {isa = PBXBuildFile; fileRef = CF7F0F9925749C14004B8662 /* LaunchScreen.storyboard */; };
		CF7F0FA425749F12004B8662 /* AppColors.swift in Sources */ = {isa = PBXBuildFile; fileRef = CF7F0FA325749F11004B8662 /* AppColors.swift */; };
		CF7F0FAB2574AEF6004B8662 /* HomeView.swift in Sources */ = {isa = PBXBuildFile; fileRef = CF7F0FAA2574AEF6004B8662 /* HomeView.swift */; };
		CF7F0FB02574AF38004B8662 /* WaterIntake.swift in Sources */ = {isa = PBXBuildFile; fileRef = CF7F0FAF2574AF38004B8662 /* WaterIntake.swift */; };
		CF7F0FB42574F44D004B8662 /* WaterTrackerView.swift in Sources */ = {isa = PBXBuildFile; fileRef = CF7F0FB32574F44C004B8662 /* WaterTrackerView.swift */; };
		CF7F0FB72575DC43004B8662 /* RoundedCorner.swift in Sources */ = {isa = PBXBuildFile; fileRef = CF7F0FB62575DC42004B8662 /* RoundedCorner.swift */; };
/* End PBXBuildFile section */

/* Begin PBXFileReference section */
		CF7F0F8B25749C0C004B8662 /* water-tracker.app */ = {isa = PBXFileReference; explicitFileType = wrapper.application; includeInIndex = 0; path = "water-tracker.app"; sourceTree = BUILT_PRODUCTS_DIR; };
		CF7F0F8E25749C0C004B8662 /* AppDelegate.swift */ = {isa = PBXFileReference; lastKnownFileType = sourcecode.swift; path = AppDelegate.swift; sourceTree = "<group>"; };
		CF7F0F9025749C0C004B8662 /* SceneDelegate.swift */ = {isa = PBXFileReference; lastKnownFileType = sourcecode.swift; path = SceneDelegate.swift; sourceTree = "<group>"; };
		CF7F0F9225749C0C004B8662 /* FirstView.swift */ = {isa = PBXFileReference; lastKnownFileType = sourcecode.swift; path = FirstView.swift; sourceTree = "<group>"; };
		CF7F0F9425749C14004B8662 /* Assets.xcassets */ = {isa = PBXFileReference; lastKnownFileType = folder.assetcatalog; path = Assets.xcassets; sourceTree = "<group>"; };
		CF7F0F9725749C14004B8662 /* Preview Assets.xcassets */ = {isa = PBXFileReference; lastKnownFileType = folder.assetcatalog; path = "Preview Assets.xcassets"; sourceTree = "<group>"; };
		CF7F0F9A25749C14004B8662 /* Base */ = {isa = PBXFileReference; lastKnownFileType = file.storyboard; name = Base; path = Base.lproj/LaunchScreen.storyboard; sourceTree = "<group>"; };
		CF7F0F9C25749C14004B8662 /* Info.plist */ = {isa = PBXFileReference; lastKnownFileType = text.plist.xml; path = Info.plist; sourceTree = "<group>"; };
		CF7F0FA325749F11004B8662 /* AppColors.swift */ = {isa = PBXFileReference; lastKnownFileType = sourcecode.swift; path = AppColors.swift; sourceTree = "<group>"; };
		CF7F0FAA2574AEF6004B8662 /* HomeView.swift */ = {isa = PBXFileReference; lastKnownFileType = sourcecode.swift; path = HomeView.swift; sourceTree = "<group>"; };
		CF7F0FAF2574AF38004B8662 /* WaterIntake.swift */ = {isa = PBXFileReference; lastKnownFileType = sourcecode.swift; path = WaterIntake.swift; sourceTree = "<group>"; };
		CF7F0FB32574F44C004B8662 /* WaterTrackerView.swift */ = {isa = PBXFileReference; lastKnownFileType = sourcecode.swift; path = WaterTrackerView.swift; sourceTree = "<group>"; };
		CF7F0FB62575DC42004B8662 /* RoundedCorner.swift */ = {isa = PBXFileReference; lastKnownFileType = sourcecode.swift; path = RoundedCorner.swift; sourceTree = "<group>"; };
/* End PBXFileReference section */

/* Begin PBXFrameworksBuildPhase section */
		CF7F0F8825749C0C004B8662 /* Frameworks */ = {
			isa = PBXFrameworksBuildPhase;
			buildActionMask = 2147483647;
			files = (
			);
			runOnlyForDeploymentPostprocessing = 0;
		};
/* End PBXFrameworksBuildPhase section */

/* Begin PBXGroup section */
		CF7F0F8225749C0C004B8662 = {
			isa = PBXGroup;
			children = (
				CF7F0F8D25749C0C004B8662 /* water-tracker */,
				CF7F0F8C25749C0C004B8662 /* Products */,
			);
			sourceTree = "<group>";
		};
		CF7F0F8C25749C0C004B8662 /* Products */ = {
			isa = PBXGroup;
			children = (
				CF7F0F8B25749C0C004B8662 /* water-tracker.app */,
			);
			name = Products;
			sourceTree = "<group>";
		};
		CF7F0F8D25749C0C004B8662 /* water-tracker */ = {
			isa = PBXGroup;
			children = (
				CF7F0FAE2574AF19004B8662 /* Extensions */,
				CF7F0FAC2574AF02004B8662 /* Models */,
				CF7F0FA72574AB07004B8662 /* Views */,
				CF7F0F8E25749C0C004B8662 /* AppDelegate.swift */,
				CF7F0F9025749C0C004B8662 /* SceneDelegate.swift */,
				CF7F0F9425749C14004B8662 /* Assets.xcassets */,
				CF7F0F9925749C14004B8662 /* LaunchScreen.storyboard */,
				CF7F0F9C25749C14004B8662 /* Info.plist */,
				CF7F0F9625749C14004B8662 /* Preview Content */,
			);
			path = "water-tracker";
			sourceTree = "<group>";
		};
		CF7F0F9625749C14004B8662 /* Preview Content */ = {
			isa = PBXGroup;
			children = (
				CF7F0F9725749C14004B8662 /* Preview Assets.xcassets */,
			);
			path = "Preview Content";
			sourceTree = "<group>";
		};
		CF7F0FA72574AB07004B8662 /* Views */ = {
			isa = PBXGroup;
			children = (
				CF7F0F9225749C0C004B8662 /* FirstView.swift */,
				CF7F0FAA2574AEF6004B8662 /* HomeView.swift */,
				CF7F0FB32574F44C004B8662 /* WaterTrackerView.swift */,
			);
			path = Views;
			sourceTree = "<group>";
		};
		CF7F0FAC2574AF02004B8662 /* Models */ = {
			isa = PBXGroup;
			children = (
				CF7F0FAF2574AF38004B8662 /* WaterIntake.swift */,
				CF7F0FB62575DC42004B8662 /* RoundedCorner.swift */,
			);
			path = Models;
			sourceTree = "<group>";
		};
		CF7F0FAE2574AF19004B8662 /* Extensions */ = {
			isa = PBXGroup;
			children = (
				CF7F0FA325749F11004B8662 /* AppColors.swift */,
			);
			path = Extensions;
			sourceTree = "<group>";
		};
/* End PBXGroup section */

/* Begin PBXNativeTarget section */
		CF7F0F8A25749C0C004B8662 /* water-tracker */ = {
			isa = PBXNativeTarget;
			buildConfigurationList = CF7F0F9F25749C14004B8662 /* Build configuration list for PBXNativeTarget "water-tracker" */;
			buildPhases = (
				CF7F0F8725749C0C004B8662 /* Sources */,
				CF7F0F8825749C0C004B8662 /* Frameworks */,
				CF7F0F8925749C0C004B8662 /* Resources */,
			);
			buildRules = (
			);
			dependencies = (
			);
			name = "water-tracker";
			productName = "water-tracker";
			productReference = CF7F0F8B25749C0C004B8662 /* water-tracker.app */;
			productType = "com.apple.product-type.application";
		};
/* End PBXNativeTarget section */

/* Begin PBXProject section */
		CF7F0F8325749C0C004B8662 /* Project object */ = {
			isa = PBXProject;
			attributes = {
				LastSwiftUpdateCheck = 1200;
				LastUpgradeCheck = 1200;
				TargetAttributes = {
					CF7F0F8A25749C0C004B8662 = {
						CreatedOnToolsVersion = 12.0;
					};
				};
			};
			buildConfigurationList = CF7F0F8625749C0C004B8662 /* Build configuration list for PBXProject "water-tracker" */;
			compatibilityVersion = "Xcode 9.3";
			developmentRegion = en;
			hasScannedForEncodings = 0;
			knownRegions = (
				en,
				Base,
			);
			mainGroup = CF7F0F8225749C0C004B8662;
			productRefGroup = CF7F0F8C25749C0C004B8662 /* Products */;
			projectDirPath = "";
			projectRoot = "";
			targets = (
				CF7F0F8A25749C0C004B8662 /* water-tracker */,
			);
		};
/* End PBXProject section */

/* Begin PBXResourcesBuildPhase section */
		CF7F0F8925749C0C004B8662 /* Resources */ = {
			isa = PBXResourcesBuildPhase;
			buildActionMask = 2147483647;
			files = (
				CF7F0F9B25749C14004B8662 /* LaunchScreen.storyboard in Resources */,
				CF7F0F9825749C14004B8662 /* Preview Assets.xcassets in Resources */,
				CF7F0F9525749C14004B8662 /* Assets.xcassets in Resources */,
			);
			runOnlyForDeploymentPostprocessing = 0;
		};
/* End PBXResourcesBuildPhase section */

/* Begin PBXSourcesBuildPhase section */
		CF7F0F8725749C0C004B8662 /* Sources */ = {
			isa = PBXSourcesBuildPhase;
			buildActionMask = 2147483647;
			files = (
				CF7F0F8F25749C0C004B8662 /* AppDelegate.swift in Sources */,
				CF7F0FA425749F12004B8662 /* AppColors.swift in Sources */,
				CF7F0FB42574F44D004B8662 /* WaterTrackerView.swift in Sources */,
				CF7F0F9125749C0C004B8662 /* SceneDelegate.swift in Sources */,
				CF7F0FB72575DC43004B8662 /* RoundedCorner.swift in Sources */,
				CF7F0FAB2574AEF6004B8662 /* HomeView.swift in Sources */,
				CF7F0F9325749C0C004B8662 /* FirstView.swift in Sources */,
				CF7F0FB02574AF38004B8662 /* WaterIntake.swift in Sources */,
			);
			runOnlyForDeploymentPostprocessing = 0;
		};
/* End PBXSourcesBuildPhase section */

/* Begin PBXVariantGroup section */
		CF7F0F9925749C14004B8662 /* LaunchScreen.storyboard */ = {
			isa = PBXVariantGroup;
			children = (
				CF7F0F9A25749C14004B8662 /* Base */,
			);
			name = LaunchScreen.storyboard;
			sourceTree = "<group>";
		};
/* End PBXVariantGroup section */

/* Begin XCBuildConfiguration section */
		CF7F0F9D25749C14004B8662 /* Debug */ = {
			isa = XCBuildConfiguration;
			buildSettings = {
				ALWAYS_SEARCH_USER_PATHS = NO;
				CLANG_ANALYZER_NONNULL = YES;
				CLANG_ANALYZER_NUMBER_OBJECT_CONVERSION = YES_AGGRESSIVE;
				CLANG_CXX_LANGUAGE_STANDARD = "gnu++14";
				CLANG_CXX_LIBRARY = "libc++";
				CLANG_ENABLE_MODULES = YES;
				CLANG_ENABLE_OBJC_ARC = YES;
				CLANG_ENABLE_OBJC_WEAK = YES;
				CLANG_WARN_BLOCK_CAPTURE_AUTORELEASING = YES;
				CLANG_WARN_BOOL_CONVERSION = YES;
				CLANG_WARN_COMMA = YES;
				CLANG_WARN_CONSTANT_CONVERSION = YES;
				CLANG_WARN_DEPRECATED_OBJC_IMPLEMENTATIONS = YES;
				CLANG_WARN_DIRECT_OBJC_ISA_USAGE = YES_ERROR;
				CLANG_WARN_DOCUMENTATION_COMMENTS = YES;
				CLANG_WARN_EMPTY_BODY = YES;
				CLANG_WARN_ENUM_CONVERSION = YES;
				CLANG_WARN_INFINITE_RECURSION = YES;
				CLANG_WARN_INT_CONVERSION = YES;
				CLANG_WARN_NON_LITERAL_NULL_CONVERSION = YES;
				CLANG_WARN_OBJC_IMPLICIT_RETAIN_SELF = YES;
				CLANG_WARN_OBJC_LITERAL_CONVERSION = YES;
				CLANG_WARN_OBJC_ROOT_CLASS = YES_ERROR;
				CLANG_WARN_QUOTED_INCLUDE_IN_FRAMEWORK_HEADER = YES;
				CLANG_WARN_RANGE_LOOP_ANALYSIS = YES;
				CLANG_WARN_STRICT_PROTOTYPES = YES;
				CLANG_WARN_SUSPICIOUS_MOVE = YES;
				CLANG_WARN_UNGUARDED_AVAILABILITY = YES_AGGRESSIVE;
				CLANG_WARN_UNREACHABLE_CODE = YES;
				CLANG_WARN__DUPLICATE_METHOD_MATCH = YES;
				COPY_PHASE_STRIP = NO;
				DEBUG_INFORMATION_FORMAT = dwarf;
				ENABLE_STRICT_OBJC_MSGSEND = YES;
				ENABLE_TESTABILITY = YES;
				GCC_C_LANGUAGE_STANDARD = gnu11;
				GCC_DYNAMIC_NO_PIC = NO;
				GCC_NO_COMMON_BLOCKS = YES;
				GCC_OPTIMIZATION_LEVEL = 0;
				GCC_PREPROCESSOR_DEFINITIONS = (
					"DEBUG=1",
					"$(inherited)",
				);
				GCC_WARN_64_TO_32_BIT_CONVERSION = YES;
				GCC_WARN_ABOUT_RETURN_TYPE = YES_ERROR;
				GCC_WARN_UNDECLARED_SELECTOR = YES;
				GCC_WARN_UNINITIALIZED_AUTOS = YES_AGGRESSIVE;
				GCC_WARN_UNUSED_FUNCTION = YES;
				GCC_WARN_UNUSED_VARIABLE = YES;
				IPHONEOS_DEPLOYMENT_TARGET = 14.0;
				MTL_ENABLE_DEBUG_INFO = INCLUDE_SOURCE;
				MTL_FAST_MATH = YES;
				ONLY_ACTIVE_ARCH = YES;
				SDKROOT = iphoneos;
				SWIFT_ACTIVE_COMPILATION_CONDITIONS = DEBUG;
				SWIFT_OPTIMIZATION_LEVEL = "-Onone";
			};
			name = Debug;
		};
		CF7F0F9E25749C14004B8662 /* Release */ = {
			isa = XCBuildConfiguration;
			buildSettings = {
				ALWAYS_SEARCH_USER_PATHS = NO;
				CLANG_ANALYZER_NONNULL = YES;
				CLANG_ANALYZER_NUMBER_OBJECT_CONVERSION = YES_AGGRESSIVE;
				CLANG_CXX_LANGUAGE_STANDARD = "gnu++14";
				CLANG_CXX_LIBRARY = "libc++";
				CLANG_ENABLE_MODULES = YES;
				CLANG_ENABLE_OBJC_ARC = YES;
				CLANG_ENABLE_OBJC_WEAK = YES;
				CLANG_WARN_BLOCK_CAPTURE_AUTORELEASING = YES;
				CLANG_WARN_BOOL_CONVERSION = YES;
				CLANG_WARN_COMMA = YES;
				CLANG_WARN_CONSTANT_CONVERSION = YES;
				CLANG_WARN_DEPRECATED_OBJC_IMPLEMENTATIONS = YES;
				CLANG_WARN_DIRECT_OBJC_ISA_USAGE = YES_ERROR;
				CLANG_WARN_DOCUMENTATION_COMMENTS = YES;
				CLANG_WARN_EMPTY_BODY = YES;
				CLANG_WARN_ENUM_CONVERSION = YES;
				CLANG_WARN_INFINITE_RECURSION = YES;
				CLANG_WARN_INT_CONVERSION = YES;
				CLANG_WARN_NON_LITERAL_NULL_CONVERSION = YES;
				CLANG_WARN_OBJC_IMPLICIT_RETAIN_SELF = YES;
				CLANG_WARN_OBJC_LITERAL_CONVERSION = YES;
				CLANG_WARN_OBJC_ROOT_CLASS = YES_ERROR;
				CLANG_WARN_QUOTED_INCLUDE_IN_FRAMEWORK_HEADER = YES;
				CLANG_WARN_RANGE_LOOP_ANALYSIS = YES;
				CLANG_WARN_STRICT_PROTOTYPES = YES;
				CLANG_WARN_SUSPICIOUS_MOVE = YES;
				CLANG_WARN_UNGUARDED_AVAILABILITY = YES_AGGRESSIVE;
				CLANG_WARN_UNREACHABLE_CODE = YES;
				CLANG_WARN__DUPLICATE_METHOD_MATCH = YES;
				COPY_PHASE_STRIP = NO;
				DEBUG_INFORMATION_FORMAT = "dwarf-with-dsym";
				ENABLE_NS_ASSERTIONS = NO;
				ENABLE_STRICT_OBJC_MSGSEND = YES;
				GCC_C_LANGUAGE_STANDARD = gnu11;
				GCC_NO_COMMON_BLOCKS = YES;
				GCC_WARN_64_TO_32_BIT_CONVERSION = YES;
				GCC_WARN_ABOUT_RETURN_TYPE = YES_ERROR;
				GCC_WARN_UNDECLARED_SELECTOR = YES;
				GCC_WARN_UNINITIALIZED_AUTOS = YES_AGGRESSIVE;
				GCC_WARN_UNUSED_FUNCTION = YES;
				GCC_WARN_UNUSED_VARIABLE = YES;
				IPHONEOS_DEPLOYMENT_TARGET = 14.0;
				MTL_ENABLE_DEBUG_INFO = NO;
				MTL_FAST_MATH = YES;
				SDKROOT = iphoneos;
				SWIFT_COMPILATION_MODE = wholemodule;
				SWIFT_OPTIMIZATION_LEVEL = "-O";
				VALIDATE_PRODUCT = YES;
			};
			name = Release;
		};
		CF7F0FA025749C14004B8662 /* Debug */ = {
			isa = XCBuildConfiguration;
			buildSettings = {
				ASSETCATALOG_COMPILER_APPICON_NAME = AppIcon;
				ASSETCATALOG_COMPILER_GLOBAL_ACCENT_COLOR_NAME = AccentColor;
				CODE_SIGN_STYLE = Automatic;
				DEVELOPMENT_ASSET_PATHS = "\"water-tracker/Preview Content\"";
				DEVELOPMENT_TEAM = HXYM5H2DXG;
				ENABLE_PREVIEWS = YES;
				INFOPLIST_FILE = "water-tracker/Info.plist";
				LD_RUNPATH_SEARCH_PATHS = (
					"$(inherited)",
					"@executable_path/Frameworks",
				);
				PRODUCT_BUNDLE_IDENTIFIER = "com.anikamorris.water-tracker";
				PRODUCT_NAME = "$(TARGET_NAME)";
				SWIFT_VERSION = 5.0;
				TARGETED_DEVICE_FAMILY = "1,2";
			};
			name = Debug;
		};
		CF7F0FA125749C14004B8662 /* Release */ = {
			isa = XCBuildConfiguration;
			buildSettings = {
				ASSETCATALOG_COMPILER_APPICON_NAME = AppIcon;
				ASSETCATALOG_COMPILER_GLOBAL_ACCENT_COLOR_NAME = AccentColor;
				CODE_SIGN_STYLE = Automatic;
				DEVELOPMENT_ASSET_PATHS = "\"water-tracker/Preview Content\"";
				DEVELOPMENT_TEAM = HXYM5H2DXG;
				ENABLE_PREVIEWS = YES;
				INFOPLIST_FILE = "water-tracker/Info.plist";
				LD_RUNPATH_SEARCH_PATHS = (
					"$(inherited)",
					"@executable_path/Frameworks",
				);
				PRODUCT_BUNDLE_IDENTIFIER = "com.anikamorris.water-tracker";
				PRODUCT_NAME = "$(TARGET_NAME)";
				SWIFT_VERSION = 5.0;
				TARGETED_DEVICE_FAMILY = "1,2";
			};
			name = Release;
		};
/* End XCBuildConfiguration section */

/* Begin XCConfigurationList section */
		CF7F0F8625749C0C004B8662 /* Build configuration list for PBXProject "water-tracker" */ = {
			isa = XCConfigurationList;
			buildConfigurations = (
				CF7F0F9D25749C14004B8662 /* Debug */,
				CF7F0F9E25749C14004B8662 /* Release */,
			);
			defaultConfigurationIsVisible = 0;
			defaultConfigurationName = Release;
		};
		CF7F0F9F25749C14004B8662 /* Build configuration list for PBXNativeTarget "water-tracker" */ = {
			isa = XCConfigurationList;
			buildConfigurations = (
				CF7F0FA025749C14004B8662 /* Debug */,
				CF7F0FA125749C14004B8662 /* Release */,
			);
			defaultConfigurationIsVisible = 0;
			defaultConfigurationName = Release;
		};
/* End XCConfigurationList section */
	};
	rootObject = CF7F0F8325749C0C004B8662 /* Project object */;
}
